// !$*UTF8*$!
{
	archiveVersion = 1;
	classes = {
	};
	objectVersion = 48;
	objects = {

/* Begin PBXBuildFile section */
		140DBA2E2032451100D40D67 /* AppDelegate.swift in Sources */ = {isa = PBXBuildFile; fileRef = 140DBA2D2032451100D40D67 /* AppDelegate.swift */; };
		140DBA332032451100D40D67 /* Main.storyboard in Resources */ = {isa = PBXBuildFile; fileRef = 140DBA312032451100D40D67 /* Main.storyboard */; };
		140DBA352032451100D40D67 /* Assets.xcassets in Resources */ = {isa = PBXBuildFile; fileRef = 140DBA342032451100D40D67 /* Assets.xcassets */; };
		140DBA382032451100D40D67 /* LaunchScreen.storyboard in Resources */ = {isa = PBXBuildFile; fileRef = 140DBA362032451100D40D67 /* LaunchScreen.storyboard */; };
		141775FE2032801B00B93917 /* WeatherTableViewController.swift in Sources */ = {isa = PBXBuildFile; fileRef = 141775FD2032801B00B93917 /* WeatherTableViewController.swift */; };
		141776002032803300B93917 /* DetailViewController.swift in Sources */ = {isa = PBXBuildFile; fileRef = 141775FF2032803300B93917 /* DetailViewController.swift */; };
		14177602203280A200B93917 /* WeatherTableViewCell.swift in Sources */ = {isa = PBXBuildFile; fileRef = 14177601203280A200B93917 /* WeatherTableViewCell.swift */; };
		141776052032A76800B93917 /* BaseModel.swift in Sources */ = {isa = PBXBuildFile; fileRef = 141776042032A76800B93917 /* BaseModel.swift */; };
		141776082032AEF100B93917 /* NetworkManager.swift in Sources */ = {isa = PBXBuildFile; fileRef = 141776072032AEF100B93917 /* NetworkManager.swift */; };
		1417760A2032CBBE00B93917 /* DefaultLocations.plist in Resources */ = {isa = PBXBuildFile; fileRef = 141776092032CBBE00B93917 /* DefaultLocations.plist */; };
		1417760D2032DA9C00B93917 /* DailyModel.swift in Sources */ = {isa = PBXBuildFile; fileRef = 1417760C2032DA9C00B93917 /* DailyModel.swift */; };
		1417760F20337EEC00B93917 /* CoreLocation.framework in Frameworks */ = {isa = PBXBuildFile; fileRef = 1417760E20337EEB00B93917 /* CoreLocation.framework */; };
		1417761120337F8D00B93917 /* LocationManager.swift in Sources */ = {isa = PBXBuildFile; fileRef = 1417761020337F8D00B93917 /* LocationManager.swift */; };
		8E2907FEC9A11BC29C067346 /* Pods_Dark_Sky.framework in Frameworks */ = {isa = PBXBuildFile; fileRef = 2948778BF098BA7A9E1993E1 /* Pods_Dark_Sky.framework */; };
/* End PBXBuildFile section */

/* Begin PBXFileReference section */
		140DBA2A2032451100D40D67 /* Dark Sky.app */ = {isa = PBXFileReference; explicitFileType = wrapper.application; includeInIndex = 0; path = "Dark Sky.app"; sourceTree = BUILT_PRODUCTS_DIR; };
		140DBA2D2032451100D40D67 /* AppDelegate.swift */ = {isa = PBXFileReference; lastKnownFileType = sourcecode.swift; path = AppDelegate.swift; sourceTree = "<group>"; };
		140DBA322032451100D40D67 /* Base */ = {isa = PBXFileReference; lastKnownFileType = file.storyboard; name = Base; path = Base.lproj/Main.storyboard; sourceTree = "<group>"; };
		140DBA342032451100D40D67 /* Assets.xcassets */ = {isa = PBXFileReference; lastKnownFileType = folder.assetcatalog; path = Assets.xcassets; sourceTree = "<group>"; };
		140DBA372032451100D40D67 /* Base */ = {isa = PBXFileReference; lastKnownFileType = file.storyboard; name = Base; path = Base.lproj/LaunchScreen.storyboard; sourceTree = "<group>"; };
		140DBA392032451100D40D67 /* Info.plist */ = {isa = PBXFileReference; lastKnownFileType = text.plist.xml; path = Info.plist; sourceTree = "<group>"; };
		141775FD2032801B00B93917 /* WeatherTableViewController.swift */ = {isa = PBXFileReference; lastKnownFileType = sourcecode.swift; path = WeatherTableViewController.swift; sourceTree = "<group>"; };
		141775FF2032803300B93917 /* DetailViewController.swift */ = {isa = PBXFileReference; lastKnownFileType = sourcecode.swift; path = DetailViewController.swift; sourceTree = "<group>"; };
		14177601203280A200B93917 /* WeatherTableViewCell.swift */ = {isa = PBXFileReference; lastKnownFileType = sourcecode.swift; path = WeatherTableViewCell.swift; sourceTree = "<group>"; };
		141776042032A76800B93917 /* BaseModel.swift */ = {isa = PBXFileReference; lastKnownFileType = sourcecode.swift; path = BaseModel.swift; sourceTree = "<group>"; };
		141776072032AEF100B93917 /* NetworkManager.swift */ = {isa = PBXFileReference; lastKnownFileType = sourcecode.swift; path = NetworkManager.swift; sourceTree = "<group>"; };
		141776092032CBBE00B93917 /* DefaultLocations.plist */ = {isa = PBXFileReference; lastKnownFileType = text.plist.xml; path = DefaultLocations.plist; sourceTree = "<group>"; };
		1417760C2032DA9C00B93917 /* DailyModel.swift */ = {isa = PBXFileReference; lastKnownFileType = sourcecode.swift; path = DailyModel.swift; sourceTree = "<group>"; };
		1417760E20337EEB00B93917 /* CoreLocation.framework */ = {isa = PBXFileReference; lastKnownFileType = wrapper.framework; name = CoreLocation.framework; path = System/Library/Frameworks/CoreLocation.framework; sourceTree = SDKROOT; };
		1417761020337F8D00B93917 /* LocationManager.swift */ = {isa = PBXFileReference; lastKnownFileType = sourcecode.swift; path = LocationManager.swift; sourceTree = "<group>"; };
		2948778BF098BA7A9E1993E1 /* Pods_Dark_Sky.framework */ = {isa = PBXFileReference; explicitFileType = wrapper.framework; includeInIndex = 0; path = Pods_Dark_Sky.framework; sourceTree = BUILT_PRODUCTS_DIR; };
		743E917F5DF6E44AA7166EC6 /* Pods-Dark Sky.debug.xcconfig */ = {isa = PBXFileReference; includeInIndex = 1; lastKnownFileType = text.xcconfig; name = "Pods-Dark Sky.debug.xcconfig"; path = "Pods/Target Support Files/Pods-Dark Sky/Pods-Dark Sky.debug.xcconfig"; sourceTree = "<group>"; };
		B7B81C00383D258AA63F2492 /* Pods-Dark Sky.release.xcconfig */ = {isa = PBXFileReference; includeInIndex = 1; lastKnownFileType = text.xcconfig; name = "Pods-Dark Sky.release.xcconfig"; path = "Pods/Target Support Files/Pods-Dark Sky/Pods-Dark Sky.release.xcconfig"; sourceTree = "<group>"; };
/* End PBXFileReference section */

/* Begin PBXFrameworksBuildPhase section */
		140DBA272032451100D40D67 /* Frameworks */ = {
			isa = PBXFrameworksBuildPhase;
			buildActionMask = 2147483647;
			files = (
				1417760F20337EEC00B93917 /* CoreLocation.framework in Frameworks */,
				8E2907FEC9A11BC29C067346 /* Pods_Dark_Sky.framework in Frameworks */,
			);
			runOnlyForDeploymentPostprocessing = 0;
		};
/* End PBXFrameworksBuildPhase section */

/* Begin PBXGroup section */
		140DBA212032451100D40D67 = {
			isa = PBXGroup;
			children = (
				140DBA2C2032451100D40D67 /* Dark Sky */,
				140DBA2B2032451100D40D67 /* Products */,
				F2261E2F4C2BFC9DAAA67523 /* Pods */,
				AB3107F10BFCA0A03DFD9883 /* Frameworks */,
			);
			sourceTree = "<group>";
		};
		140DBA2B2032451100D40D67 /* Products */ = {
			isa = PBXGroup;
			children = (
				140DBA2A2032451100D40D67 /* Dark Sky.app */,
			);
			name = Products;
			sourceTree = "<group>";
		};
		140DBA2C2032451100D40D67 /* Dark Sky */ = {
			isa = PBXGroup;
			children = (
				140DBA2D2032451100D40D67 /* AppDelegate.swift */,
				141776062032AE3900B93917 /* Services */,
				140DBA4020326C8A00D40D67 /* Model */,
				140DBA4220326C9C00D40D67 /* ViewController */,
				140DBA4120326C9400D40D67 /* View */,
				1417760B2032D1C300B93917 /* Tools */,
				140DBA4420326D3300D40D67 /* ThirdSDK */,
				140DBA4620326E1100D40D67 /* Resources */,
			);
			path = "Dark Sky";
			sourceTree = "<group>";
		};
		140DBA4020326C8A00D40D67 /* Model */ = {
			isa = PBXGroup;
			children = (
				141776042032A76800B93917 /* BaseModel.swift */,
				1417760C2032DA9C00B93917 /* DailyModel.swift */,
			);
			path = Model;
			sourceTree = "<group>";
		};
		140DBA4120326C9400D40D67 /* View */ = {
			isa = PBXGroup;
			children = (
				140DBA4320326CAE00D40D67 /* Cell */,
			);
			path = View;
			sourceTree = "<group>";
		};
		140DBA4220326C9C00D40D67 /* ViewController */ = {
			isa = PBXGroup;
			children = (
				141775FD2032801B00B93917 /* WeatherTableViewController.swift */,
				141775FF2032803300B93917 /* DetailViewController.swift */,
			);
			path = ViewController;
			sourceTree = "<group>";
		};
		140DBA4320326CAE00D40D67 /* Cell */ = {
			isa = PBXGroup;
			children = (
				14177601203280A200B93917 /* WeatherTableViewCell.swift */,
			);
			path = Cell;
			sourceTree = "<group>";
		};
		140DBA4420326D3300D40D67 /* ThirdSDK */ = {
			isa = PBXGroup;
			children = (
			);
			path = ThirdSDK;
			sourceTree = "<group>";
		};
		140DBA4620326E1100D40D67 /* Resources */ = {
			isa = PBXGroup;
			children = (
				140DBA392032451100D40D67 /* Info.plist */,
				140DBA362032451100D40D67 /* LaunchScreen.storyboard */,
				140DBA312032451100D40D67 /* Main.storyboard */,
				140DBA342032451100D40D67 /* Assets.xcassets */,
				141776092032CBBE00B93917 /* DefaultLocations.plist */,
			);
			path = Resources;
			sourceTree = "<group>";
		};
		141776062032AE3900B93917 /* Services */ = {
			isa = PBXGroup;
			children = (
				141776072032AEF100B93917 /* NetworkManager.swift */,
				1417761020337F8D00B93917 /* LocationManager.swift */,
			);
			path = Services;
			sourceTree = "<group>";
		};
		1417760B2032D1C300B93917 /* Tools */ = {
			isa = PBXGroup;
			children = (
			);
			path = Tools;
			sourceTree = "<group>";
		};
		AB3107F10BFCA0A03DFD9883 /* Frameworks */ = {
			isa = PBXGroup;
			children = (
				1417760E20337EEB00B93917 /* CoreLocation.framework */,
				2948778BF098BA7A9E1993E1 /* Pods_Dark_Sky.framework */,
			);
			name = Frameworks;
			sourceTree = "<group>";
		};
		F2261E2F4C2BFC9DAAA67523 /* Pods */ = {
			isa = PBXGroup;
			children = (
				743E917F5DF6E44AA7166EC6 /* Pods-Dark Sky.debug.xcconfig */,
				B7B81C00383D258AA63F2492 /* Pods-Dark Sky.release.xcconfig */,
			);
			name = Pods;
			sourceTree = "<group>";
		};
/* End PBXGroup section */

/* Begin PBXNativeTarget section */
		140DBA292032451100D40D67 /* Dark Sky */ = {
			isa = PBXNativeTarget;
			buildConfigurationList = 140DBA3C2032451100D40D67 /* Build configuration list for PBXNativeTarget "Dark Sky" */;
			buildPhases = (
				997E4D9C8A848BD8B02A6963 /* [CP] Check Pods Manifest.lock */,
				140DBA262032451100D40D67 /* Sources */,
				140DBA272032451100D40D67 /* Frameworks */,
				140DBA282032451100D40D67 /* Resources */,
				0A396D7EE9A4DC4C36FA5324 /* [CP] Embed Pods Frameworks */,
				07563732AB050836929DBE6F /* [CP] Copy Pods Resources */,
			);
			buildRules = (
			);
			dependencies = (
			);
			name = "Dark Sky";
			productName = "Dark Sky";
			productReference = 140DBA2A2032451100D40D67 /* Dark Sky.app */;
			productType = "com.apple.product-type.application";
		};
/* End PBXNativeTarget section */

/* Begin PBXProject section */
		140DBA222032451100D40D67 /* Project object */ = {
			isa = PBXProject;
			attributes = {
				LastSwiftUpdateCheck = 0920;
				LastUpgradeCheck = 0920;
				ORGANIZATIONNAME = "Shipu Wang";
				TargetAttributes = {
					140DBA292032451100D40D67 = {
						CreatedOnToolsVersion = 9.2;
						ProvisioningStyle = Automatic;
					};
				};
			};
			buildConfigurationList = 140DBA252032451100D40D67 /* Build configuration list for PBXProject "Dark Sky" */;
			compatibilityVersion = "Xcode 8.0";
			developmentRegion = en;
			hasScannedForEncodings = 0;
			knownRegions = (
				en,
				Base,
			);
			mainGroup = 140DBA212032451100D40D67;
			productRefGroup = 140DBA2B2032451100D40D67 /* Products */;
			projectDirPath = "";
			projectRoot = "";
			targets = (
				140DBA292032451100D40D67 /* Dark Sky */,
			);
		};
/* End PBXProject section */

/* Begin PBXResourcesBuildPhase section */
		140DBA282032451100D40D67 /* Resources */ = {
			isa = PBXResourcesBuildPhase;
			buildActionMask = 2147483647;
			files = (
				140DBA382032451100D40D67 /* LaunchScreen.storyboard in Resources */,
				1417760A2032CBBE00B93917 /* DefaultLocations.plist in Resources */,
				140DBA352032451100D40D67 /* Assets.xcassets in Resources */,
				140DBA332032451100D40D67 /* Main.storyboard in Resources */,
			);
			runOnlyForDeploymentPostprocessing = 0;
		};
/* End PBXResourcesBuildPhase section */

/* Begin PBXShellScriptBuildPhase section */
		07563732AB050836929DBE6F /* [CP] Copy Pods Resources */ = {
			isa = PBXShellScriptBuildPhase;
			buildActionMask = 2147483647;
			files = (
			);
			inputPaths = (
			);
			name = "[CP] Copy Pods Resources";
			outputPaths = (
			);
			runOnlyForDeploymentPostprocessing = 0;
			shellPath = /bin/sh;
			shellScript = "\"${SRCROOT}/Pods/Target Support Files/Pods-Dark Sky/Pods-Dark Sky-resources.sh\"\n";
			showEnvVarsInLog = 0;
		};
		0A396D7EE9A4DC4C36FA5324 /* [CP] Embed Pods Frameworks */ = {
			isa = PBXShellScriptBuildPhase;
			buildActionMask = 2147483647;
			files = (
			);
			inputPaths = (
			);
			name = "[CP] Embed Pods Frameworks";
			outputPaths = (
			);
			runOnlyForDeploymentPostprocessing = 0;
			shellPath = /bin/sh;
			shellScript = "\"${SRCROOT}/Pods/Target Support Files/Pods-Dark Sky/Pods-Dark Sky-frameworks.sh\"\n";
			showEnvVarsInLog = 0;
		};
		997E4D9C8A848BD8B02A6963 /* [CP] Check Pods Manifest.lock */ = {
			isa = PBXShellScriptBuildPhase;
			buildActionMask = 2147483647;
			files = (
			);
			inputPaths = (
			);
			name = "[CP] Check Pods Manifest.lock";
			outputPaths = (
			);
			runOnlyForDeploymentPostprocessing = 0;
			shellPath = /bin/sh;
			shellScript = "diff \"${PODS_PODFILE_DIR_PATH}/Podfile.lock\" \"${PODS_ROOT}/Manifest.lock\" > /dev/null\nif [ $? != 0 ] ; then\n    # print error to STDERR\n    echo \"error: The sandbox is not in sync with the Podfile.lock. Run 'pod install' or update your CocoaPods installation.\" >&2\n    exit 1\nfi\n";
			showEnvVarsInLog = 0;
		};
/* End PBXShellScriptBuildPhase section */

/* Begin PBXSourcesBuildPhase section */
		140DBA262032451100D40D67 /* Sources */ = {
			isa = PBXSourcesBuildPhase;
			buildActionMask = 2147483647;
			files = (
				141776082032AEF100B93917 /* NetworkManager.swift in Sources */,
				14177602203280A200B93917 /* WeatherTableViewCell.swift in Sources */,
				1417761120337F8D00B93917 /* LocationManager.swift in Sources */,
				141776002032803300B93917 /* DetailViewController.swift in Sources */,
				141775FE2032801B00B93917 /* WeatherTableViewController.swift in Sources */,
				1417760D2032DA9C00B93917 /* DailyModel.swift in Sources */,
				140DBA2E2032451100D40D67 /* AppDelegate.swift in Sources */,
				141776052032A76800B93917 /* BaseModel.swift in Sources */,
			);
			runOnlyForDeploymentPostprocessing = 0;
		};
/* End PBXSourcesBuildPhase section */

/* Begin PBXVariantGroup section */
		140DBA312032451100D40D67 /* Main.storyboard */ = {
			isa = PBXVariantGroup;
			children = (
				140DBA322032451100D40D67 /* Base */,
			);
			name = Main.storyboard;
			sourceTree = "<group>";
		};
		140DBA362032451100D40D67 /* LaunchScreen.storyboard */ = {
			isa = PBXVariantGroup;
			children = (
				140DBA372032451100D40D67 /* Base */,
			);
			name = LaunchScreen.storyboard;
			sourceTree = "<group>";
		};
/* End PBXVariantGroup section */

/* Begin XCBuildConfiguration section */
		140DBA3A2032451100D40D67 /* Debug */ = {
			isa = XCBuildConfiguration;
			buildSettings = {
				ALWAYS_SEARCH_USER_PATHS = NO;
				CLANG_ANALYZER_NONNULL = YES;
				CLANG_ANALYZER_NUMBER_OBJECT_CONVERSION = YES_AGGRESSIVE;
				CLANG_CXX_LANGUAGE_STANDARD = "gnu++14";
				CLANG_CXX_LIBRARY = "libc++";
				CLANG_ENABLE_MODULES = YES;
				CLANG_ENABLE_OBJC_ARC = YES;
				CLANG_WARN_BLOCK_CAPTURE_AUTORELEASING = YES;
				CLANG_WARN_BOOL_CONVERSION = YES;
				CLANG_WARN_COMMA = YES;
				CLANG_WARN_CONSTANT_CONVERSION = YES;
				CLANG_WARN_DIRECT_OBJC_ISA_USAGE = YES_ERROR;
				CLANG_WARN_DOCUMENTATION_COMMENTS = YES;
				CLANG_WARN_EMPTY_BODY = YES;
				CLANG_WARN_ENUM_CONVERSION = YES;
				CLANG_WARN_INFINITE_RECURSION = YES;
				CLANG_WARN_INT_CONVERSION = YES;
				CLANG_WARN_NON_LITERAL_NULL_CONVERSION = YES;
				CLANG_WARN_OBJC_LITERAL_CONVERSION = YES;
				CLANG_WARN_OBJC_ROOT_CLASS = YES_ERROR;
				CLANG_WARN_RANGE_LOOP_ANALYSIS = YES;
				CLANG_WARN_STRICT_PROTOTYPES = YES;
				CLANG_WARN_SUSPICIOUS_MOVE = YES;
				CLANG_WARN_UNGUARDED_AVAILABILITY = YES_AGGRESSIVE;
				CLANG_WARN_UNREACHABLE_CODE = YES;
				CLANG_WARN__DUPLICATE_METHOD_MATCH = YES;
				CODE_SIGN_IDENTITY = "iPhone Developer";
				COPY_PHASE_STRIP = NO;
				DEBUG_INFORMATION_FORMAT = dwarf;
				ENABLE_STRICT_OBJC_MSGSEND = YES;
				ENABLE_TESTABILITY = YES;
				GCC_C_LANGUAGE_STANDARD = gnu11;
				GCC_DYNAMIC_NO_PIC = NO;
				GCC_NO_COMMON_BLOCKS = YES;
				GCC_OPTIMIZATION_LEVEL = 0;
				GCC_PREPROCESSOR_DEFINITIONS = (
					"DEBUG=1",
					"$(inherited)",
				);
				GCC_WARN_64_TO_32_BIT_CONVERSION = YES;
				GCC_WARN_ABOUT_RETURN_TYPE = YES_ERROR;
				GCC_WARN_UNDECLARED_SELECTOR = YES;
				GCC_WARN_UNINITIALIZED_AUTOS = YES_AGGRESSIVE;
				GCC_WARN_UNUSED_FUNCTION = YES;
				GCC_WARN_UNUSED_VARIABLE = YES;
				IPHONEOS_DEPLOYMENT_TARGET = 11.2;
				MTL_ENABLE_DEBUG_INFO = YES;
				ONLY_ACTIVE_ARCH = YES;
				SDKROOT = iphoneos;
				SWIFT_ACTIVE_COMPILATION_CONDITIONS = DEBUG;
				SWIFT_OPTIMIZATION_LEVEL = "-Onone";
			};
			name = Debug;
		};
		140DBA3B2032451100D40D67 /* Release */ = {
			isa = XCBuildConfiguration;
			buildSettings = {
				ALWAYS_SEARCH_USER_PATHS = NO;
				CLANG_ANALYZER_NONNULL = YES;
				CLANG_ANALYZER_NUMBER_OBJECT_CONVERSION = YES_AGGRESSIVE;
				CLANG_CXX_LANGUAGE_STANDARD = "gnu++14";
				CLANG_CXX_LIBRARY = "libc++";
				CLANG_ENABLE_MODULES = YES;
				CLANG_ENABLE_OBJC_ARC = YES;
				CLANG_WARN_BLOCK_CAPTURE_AUTORELEASING = YES;
				CLANG_WARN_BOOL_CONVERSION = YES;
				CLANG_WARN_COMMA = YES;
				CLANG_WARN_CONSTANT_CONVERSION = YES;
				CLANG_WARN_DIRECT_OBJC_ISA_USAGE = YES_ERROR;
				CLANG_WARN_DOCUMENTATION_COMMENTS = YES;
				CLANG_WARN_EMPTY_BODY = YES;
				CLANG_WARN_ENUM_CONVERSION = YES;
				CLANG_WARN_INFINITE_RECURSION = YES;
				CLANG_WARN_INT_CONVERSION = YES;
				CLANG_WARN_NON_LITERAL_NULL_CONVERSION = YES;
				CLANG_WARN_OBJC_LITERAL_CONVERSION = YES;
				CLANG_WARN_OBJC_ROOT_CLASS = YES_ERROR;
				CLANG_WARN_RANGE_LOOP_ANALYSIS = YES;
				CLANG_WARN_STRICT_PROTOTYPES = YES;
				CLANG_WARN_SUSPICIOUS_MOVE = YES;
				CLANG_WARN_UNGUARDED_AVAILABILITY = YES_AGGRESSIVE;
				CLANG_WARN_UNREACHABLE_CODE = YES;
				CLANG_WARN__DUPLICATE_METHOD_MATCH = YES;
				CODE_SIGN_IDENTITY = "iPhone Developer";
				COPY_PHASE_STRIP = NO;
				DEBUG_INFORMATION_FORMAT = "dwarf-with-dsym";
				ENABLE_NS_ASSERTIONS = NO;
				ENABLE_STRICT_OBJC_MSGSEND = YES;
				GCC_C_LANGUAGE_STANDARD = gnu11;
				GCC_NO_COMMON_BLOCKS = YES;
				GCC_WARN_64_TO_32_BIT_CONVERSION = YES;
				GCC_WARN_ABOUT_RETURN_TYPE = YES_ERROR;
				GCC_WARN_UNDECLARED_SELECTOR = YES;
				GCC_WARN_UNINITIALIZED_AUTOS = YES_AGGRESSIVE;
				GCC_WARN_UNUSED_FUNCTION = YES;
				GCC_WARN_UNUSED_VARIABLE = YES;
				IPHONEOS_DEPLOYMENT_TARGET = 11.2;
				MTL_ENABLE_DEBUG_INFO = NO;
				SDKROOT = iphoneos;
				SWIFT_OPTIMIZATION_LEVEL = "-Owholemodule";
				VALIDATE_PRODUCT = YES;
			};
			name = Release;
		};
		140DBA3D2032451100D40D67 /* Debug */ = {
			isa = XCBuildConfiguration;
			baseConfigurationReference = 743E917F5DF6E44AA7166EC6 /* Pods-Dark Sky.debug.xcconfig */;
			buildSettings = {
				ASSETCATALOG_COMPILER_APPICON_NAME = AppIcon;
				CODE_SIGN_STYLE = Automatic;
				DEVELOPMENT_TEAM = M6NGNVCC95;
				GCC_PREFIX_HEADER = "";
				INFOPLIST_FILE = "Dark Sky/Resources/Info.plist";
				LD_RUNPATH_SEARCH_PATHS = "$(inherited) @executable_path/Frameworks";
				PRODUCT_BUNDLE_IDENTIFIER = "com.goat.Dark-Sky";
				PRODUCT_NAME = "$(TARGET_NAME)";
				SWIFT_VERSION = 4.0;
				TARGETED_DEVICE_FAMILY = "1,2";
			};
			name = Debug;
		};
		140DBA3E2032451100D40D67 /* Release */ = {
			isa = XCBuildConfiguration;
			baseConfigurationReference = B7B81C00383D258AA63F2492 /* Pods-Dark Sky.release.xcconfig */;
			buildSettings = {
				ASSETCATALOG_COMPILER_APPICON_NAME = AppIcon;
				CODE_SIGN_STYLE = Automatic;
				DEVELOPMENT_TEAM = M6NGNVCC95;
				GCC_PREFIX_HEADER = "";
				INFOPLIST_FILE = "Dark Sky/Resources/Info.plist";
				LD_RUNPATH_SEARCH_PATHS = "$(inherited) @executable_path/Frameworks";
				PRODUCT_BUNDLE_IDENTIFIER = "com.goat.Dark-Sky";
				PRODUCT_NAME = "$(TARGET_NAME)";
				SWIFT_VERSION = 4.0;
				TARGETED_DEVICE_FAMILY = "1,2";
			};
			name = Release;
		};
/* End XCBuildConfiguration section */

/* Begin XCConfigurationList section */
		140DBA252032451100D40D67 /* Build configuration list for PBXProject "Dark Sky" */ = {
			isa = XCConfigurationList;
			buildConfigurations = (
				140DBA3A2032451100D40D67 /* Debug */,
				140DBA3B2032451100D40D67 /* Release */,
			);
			defaultConfigurationIsVisible = 0;
			defaultConfigurationName = Release;
		};
		140DBA3C2032451100D40D67 /* Build configuration list for PBXNativeTarget "Dark Sky" */ = {
			isa = XCConfigurationList;
			buildConfigurations = (
				140DBA3D2032451100D40D67 /* Debug */,
				140DBA3E2032451100D40D67 /* Release */,
			);
			defaultConfigurationIsVisible = 0;
			defaultConfigurationName = Release;
		};
/* End XCConfigurationList section */
	};
	rootObject = 140DBA222032451100D40D67 /* Project object */;
}
